
Microsoft Visual Studio Solution File, Format Version 12.00
# Visual Studio Version 16
VisualStudioVersion = 16.0.30804.86
MinimumVisualStudioVersion = 10.0.40219.1
Project("{FAE04EC0-301F-11D3-BF4B-00C04F79EFBC}") = "WebAppPipeline", "WebAppPipeline\WebAppPipeline.csproj", "{58618B0B-2F6B-4CAC-BFD5-87557123F9AF}"
EndProject
Global
	GlobalSection(SolutionConfigurationPlatforms) = preSolution
		Debug|Any CPU = Debug|Any CPU
		Release|Any CPU = Release|Any CPU
	EndGlobalSection
	GlobalSection(ProjectConfigurationPlatforms) = postSolution
		{58618B0B-2F6B-4CAC-BFD5-87557123F9AF}.Debug|Any CPU.ActiveCfg = Debug|Any CPU
		{58618B0B-2F6B-4CAC-BFD5-87557123F9AF}.Debug|Any CPU.Build.0 = Debug|Any CPU
		{58618B0B-2F6B-4CAC-BFD5-87557123F9AF}.Release|Any CPU.ActiveCfg = Release|Any CPU
		{58618B0B-2F6B-4CAC-BFD5-87557123F9AF}.Release|Any CPU.Build.0 = Release|Any CPU
	EndGlobalSection
	GlobalSection(SolutionProperties) = preSolution
		HideSolutionNode = FALSE
	EndGlobalSection
	GlobalSection(ExtensibilityGlobals) = postSolution
		SolutionGuid = {B99A3748-4C05-4D6F-B639-641CB982EDD6}
	EndGlobalSection
EndGlobal
